
Microsoft Visual Studio Solution File, Format Version 12.00
# Visual Studio 15
VisualStudioVersion = 15.0.28307.136
MinimumVisualStudioVersion = 10.0.40219.1
Project("{FAE04EC0-301F-11D3-BF4B-00C04F79EFBC}") = "ArrayLists", "ArrayLists.csproj", "{7E574608-DEA0-4326-A45A-A33DA8AE6CC6}"
EndProject
Global
	GlobalSection(SolutionConfigurationPlatforms) = preSolution
		Debug|Any CPU = Debug|Any CPU
		Release|Any CPU = Release|Any CPU
	EndGlobalSection
	GlobalSection(ProjectConfigurationPlatforms) = postSolution
		{7E574608-DEA0-4326-A45A-A33DA8AE6CC6}.Debug|Any CPU.ActiveCfg = Debug|Any CPU
		{7E574608-DEA0-4326-A45A-A33DA8AE6CC6}.Debug|Any CPU.Build.0 = Debug|Any CPU
		{7E574608-DEA0-4326-A45A-A33DA8AE6CC6}.Release|Any CPU.ActiveCfg = Release|Any CPU
		{7E574608-DEA0-4326-A45A-A33DA8AE6CC6}.Release|Any CPU.Build.0 = Release|Any CPU
	EndGlobalSection
	GlobalSection(SolutionProperties) = preSolution
		HideSolutionNode = FALSE
	EndGlobalSection
	GlobalSection(ExtensibilityGlobals) = postSolution
		SolutionGuid = {7E355D8E-591C-4510-A350-17283A93EDC3}
	EndGlobalSection
EndGlobal
